// !$*UTF8*$!
{
	archiveVersion = 1;
	classes = {
	};
	objectVersion = 50;
	objects = {

/* Begin PBXBuildFile section */
		2727B2222321963400404943 /* GradientView.swift in Sources */ = {isa = PBXBuildFile; fileRef = 2727B2212321963400404943 /* GradientView.swift */; };
		2727B231232198B500404943 /* NationalParks.plist in Resources */ = {isa = PBXBuildFile; fileRef = 2727B22D232198B500404943 /* NationalParks.plist */; };
		2727B232232198B500404943 /* Park.swift in Sources */ = {isa = PBXBuildFile; fileRef = 2727B22E232198B500404943 /* Park.swift */; };
		2727B233232198B500404943 /* Photo Attribution.txt in Resources */ = {isa = PBXBuildFile; fileRef = 2727B22F232198B500404943 /* Photo Attribution.txt */; };
		2727B234232198B500404943 /* DataSource.swift in Sources */ = {isa = PBXBuildFile; fileRef = 2727B230232198B500404943 /* DataSource.swift */; };
		27347A73231C405300128183 /* DetailViewController.swift in Sources */ = {isa = PBXBuildFile; fileRef = 27347A72231C405300128183 /* DetailViewController.swift */; };
		27347A75231DFCF700128183 /* CollectionViewCell.swift in Sources */ = {isa = PBXBuildFile; fileRef = 27347A74231DFCF700128183 /* CollectionViewCell.swift */; };
		275424A9231B5C5A0049F9FB /* AppDelegate.swift in Sources */ = {isa = PBXBuildFile; fileRef = 275424A8231B5C5A0049F9FB /* AppDelegate.swift */; };
		275424AB231B5C5A0049F9FB /* SceneDelegate.swift in Sources */ = {isa = PBXBuildFile; fileRef = 275424AA231B5C5A0049F9FB /* SceneDelegate.swift */; };
		275424AD231B5C5A0049F9FB /* ViewController.swift in Sources */ = {isa = PBXBuildFile; fileRef = 275424AC231B5C5A0049F9FB /* ViewController.swift */; };
		275424B0231B5C5A0049F9FB /* Main.storyboard in Resources */ = {isa = PBXBuildFile; fileRef = 275424AE231B5C5A0049F9FB /* Main.storyboard */; };
		275424B2231B5C5C0049F9FB /* Assets.xcassets in Resources */ = {isa = PBXBuildFile; fileRef = 275424B1231B5C5C0049F9FB /* Assets.xcassets */; };
		275424B5231B5C5C0049F9FB /* LaunchScreen.storyboard in Resources */ = {isa = PBXBuildFile; fileRef = 275424B3231B5C5C0049F9FB /* LaunchScreen.storyboard */; };
/* End PBXBuildFile section */

/* Begin PBXFileReference section */
		2727B2212321963400404943 /* GradientView.swift */ = {isa = PBXFileReference; lastKnownFileType = sourcecode.swift; path = GradientView.swift; sourceTree = "<group>"; };
		2727B22D232198B500404943 /* NationalParks.plist */ = {isa = PBXFileReference; fileEncoding = 4; lastKnownFileType = text.plist.xml; path = NationalParks.plist; sourceTree = "<group>"; };
		2727B22E232198B500404943 /* Park.swift */ = {isa = PBXFileReference; fileEncoding = 4; lastKnownFileType = sourcecode.swift; path = Park.swift; sourceTree = "<group>"; };
		2727B22F232198B500404943 /* Photo Attribution.txt */ = {isa = PBXFileReference; fileEncoding = 4; lastKnownFileType = text; path = "Photo Attribution.txt"; sourceTree = "<group>"; };
		2727B230232198B500404943 /* DataSource.swift */ = {isa = PBXFileReference; fileEncoding = 4; lastKnownFileType = sourcecode.swift; path = DataSource.swift; sourceTree = "<group>"; };
		27347A72231C405300128183 /* DetailViewController.swift */ = {isa = PBXFileReference; lastKnownFileType = sourcecode.swift; path = DetailViewController.swift; sourceTree = "<group>"; };
		27347A74231DFCF700128183 /* CollectionViewCell.swift */ = {isa = PBXFileReference; lastKnownFileType = sourcecode.swift; path = CollectionViewCell.swift; sourceTree = "<group>"; };
		275424A5231B5C5A0049F9FB /* CollectionView.app */ = {isa = PBXFileReference; explicitFileType = wrapper.application; includeInIndex = 0; path = CollectionView.app; sourceTree = BUILT_PRODUCTS_DIR; };
		275424A8231B5C5A0049F9FB /* AppDelegate.swift */ = {isa = PBXFileReference; lastKnownFileType = sourcecode.swift; path = AppDelegate.swift; sourceTree = "<group>"; };
		275424AA231B5C5A0049F9FB /* SceneDelegate.swift */ = {isa = PBXFileReference; lastKnownFileType = sourcecode.swift; path = SceneDelegate.swift; sourceTree = "<group>"; };
		275424AC231B5C5A0049F9FB /* ViewController.swift */ = {isa = PBXFileReference; lastKnownFileType = sourcecode.swift; path = ViewController.swift; sourceTree = "<group>"; };
		275424AF231B5C5A0049F9FB /* Base */ = {isa = PBXFileReference; lastKnownFileType = file.storyboard; name = Base; path = Base.lproj/Main.storyboard; sourceTree = "<group>"; };
		275424B1231B5C5C0049F9FB /* Assets.xcassets */ = {isa = PBXFileReference; lastKnownFileType = folder.assetcatalog; path = Assets.xcassets; sourceTree = "<group>"; };
		275424B4231B5C5C0049F9FB /* Base */ = {isa = PBXFileReference; lastKnownFileType = file.storyboard; name = Base; path = Base.lproj/LaunchScreen.storyboard; sourceTree = "<group>"; };
		275424B6231B5C5C0049F9FB /* Info.plist */ = {isa = PBXFileReference; lastKnownFileType = text.plist.xml; path = Info.plist; sourceTree = "<group>"; };
/* End PBXFileReference section */

/* Begin PBXFrameworksBuildPhase section */
		275424A2231B5C5A0049F9FB /* Frameworks */ = {
			isa = PBXFrameworksBuildPhase;
			buildActionMask = 2147483647;
			files = (
			);
			runOnlyForDeploymentPostprocessing = 0;
		};
/* End PBXFrameworksBuildPhase section */

/* Begin PBXGroup section */
		2727B2202321961500404943 /* Views */ = {
			isa = PBXGroup;
			children = (
				2727B2212321963400404943 /* GradientView.swift */,
			);
			path = Views;
			sourceTree = "<group>";
		};
		2727B223232197E400404943 /* Cells */ = {
			isa = PBXGroup;
			children = (
				27347A74231DFCF700128183 /* CollectionViewCell.swift */,
			);
			path = Cells;
			sourceTree = "<group>";
		};
		2727B2242321981C00404943 /* Data */ = {
			isa = PBXGroup;
			children = (
				2727B230232198B500404943 /* DataSource.swift */,
				2727B22D232198B500404943 /* NationalParks.plist */,
				2727B22E232198B500404943 /* Park.swift */,
				2727B22F232198B500404943 /* Photo Attribution.txt */,
			);
			path = Data;
			sourceTree = "<group>";
		};
		2727B2352321AEC500404943 /* View Controllers */ = {
			isa = PBXGroup;
			children = (
				275424AC231B5C5A0049F9FB /* ViewController.swift */,
				27347A72231C405300128183 /* DetailViewController.swift */,
			);
			path = "View Controllers";
			sourceTree = "<group>";
		};
		2727B2362321AEE100404943 /* Resources */ = {
			isa = PBXGroup;
			children = (
				275424AE231B5C5A0049F9FB /* Main.storyboard */,
				275424B1231B5C5C0049F9FB /* Assets.xcassets */,
				275424B3231B5C5C0049F9FB /* LaunchScreen.storyboard */,
			);
			path = Resources;
			sourceTree = "<group>";
		};
		2754249C231B5C5A0049F9FB = {
			isa = PBXGroup;
			children = (
				275424A7231B5C5A0049F9FB /* CollectionView */,
				275424A6231B5C5A0049F9FB /* Products */,
			);
			sourceTree = "<group>";
		};
		275424A6231B5C5A0049F9FB /* Products */ = {
			isa = PBXGroup;
			children = (
				275424A5231B5C5A0049F9FB /* CollectionView.app */,
			);
			name = Products;
			sourceTree = "<group>";
		};
		275424A7231B5C5A0049F9FB /* CollectionView */ = {
			isa = PBXGroup;
			children = (
				2727B2202321961500404943 /* Views */,
				2727B223232197E400404943 /* Cells */,
				2727B2242321981C00404943 /* Data */,
				2727B2362321AEE100404943 /* Resources */,
				2727B2352321AEC500404943 /* View Controllers */,
				275424AA231B5C5A0049F9FB /* SceneDelegate.swift */,
				275424A8231B5C5A0049F9FB /* AppDelegate.swift */,
				275424B6231B5C5C0049F9FB /* Info.plist */,
			);
			path = CollectionView;
			sourceTree = "<group>";
		};
/* End PBXGroup section */

/* Begin PBXNativeTarget section */
		275424A4231B5C5A0049F9FB /* CollectionView */ = {
			isa = PBXNativeTarget;
			buildConfigurationList = 275424B9231B5C5C0049F9FB /* Build configuration list for PBXNativeTarget "CollectionView" */;
			buildPhases = (
				275424A1231B5C5A0049F9FB /* Sources */,
				275424A2231B5C5A0049F9FB /* Frameworks */,
				275424A3231B5C5A0049F9FB /* Resources */,
			);
			buildRules = (
			);
			dependencies = (
			);
			name = CollectionView;
			productName = CollectionView;
			productReference = 275424A5231B5C5A0049F9FB /* CollectionView.app */;
			productType = "com.apple.product-type.application";
		};
/* End PBXNativeTarget section */

/* Begin PBXProject section */
		2754249D231B5C5A0049F9FB /* Project object */ = {
			isa = PBXProject;
			attributes = {
				LastSwiftUpdateCheck = 1100;
				LastUpgradeCheck = 1100;
				ORGANIZATIONNAME = Dauster;
				TargetAttributes = {
					275424A4231B5C5A0049F9FB = {
						CreatedOnToolsVersion = 11.0;
					};
				};
			};
			buildConfigurationList = 275424A0231B5C5A0049F9FB /* Build configuration list for PBXProject "CollectionView" */;
			compatibilityVersion = "Xcode 9.3";
			developmentRegion = en;
			hasScannedForEncodings = 0;
			knownRegions = (
				en,
				Base,
			);
			mainGroup = 2754249C231B5C5A0049F9FB;
			productRefGroup = 275424A6231B5C5A0049F9FB /* Products */;
			projectDirPath = "";
			projectRoot = "";
			targets = (
				275424A4231B5C5A0049F9FB /* CollectionView */,
			);
		};
/* End PBXProject section */

/* Begin PBXResourcesBuildPhase section */
		275424A3231B5C5A0049F9FB /* Resources */ = {
			isa = PBXResourcesBuildPhase;
			buildActionMask = 2147483647;
			files = (
				2727B233232198B500404943 /* Photo Attribution.txt in Resources */,
				2727B231232198B500404943 /* NationalParks.plist in Resources */,
				275424B5231B5C5C0049F9FB /* LaunchScreen.storyboard in Resources */,
				275424B2231B5C5C0049F9FB /* Assets.xcassets in Resources */,
				275424B0231B5C5A0049F9FB /* Main.storyboard in Resources */,
			);
			runOnlyForDeploymentPostprocessing = 0;
		};
/* End PBXResourcesBuildPhase section */

/* Begin PBXSourcesBuildPhase section */
		275424A1231B5C5A0049F9FB /* Sources */ = {
			isa = PBXSourcesBuildPhase;
			buildActionMask = 2147483647;
			files = (
				27347A75231DFCF700128183 /* CollectionViewCell.swift in Sources */,
				2727B232232198B500404943 /* Park.swift in Sources */,
				275424AD231B5C5A0049F9FB /* ViewController.swift in Sources */,
				2727B2222321963400404943 /* GradientView.swift in Sources */,
				275424A9231B5C5A0049F9FB /* AppDelegate.swift in Sources */,
				275424AB231B5C5A0049F9FB /* SceneDelegate.swift in Sources */,
				2727B234232198B500404943 /* DataSource.swift in Sources */,
				27347A73231C405300128183 /* DetailViewController.swift in Sources */,
			);
			runOnlyForDeploymentPostprocessing = 0;
		};
/* End PBXSourcesBuildPhase section */

/* Begin PBXVariantGroup section */
		275424AE231B5C5A0049F9FB /* Main.storyboard */ = {
			isa = PBXVariantGroup;
			children = (
				275424AF231B5C5A0049F9FB /* Base */,
			);
			name = Main.storyboard;
			sourceTree = "<group>";
		};
		275424B3231B5C5C0049F9FB /* LaunchScreen.storyboard */ = {
			isa = PBXVariantGroup;
			children = (
				275424B4231B5C5C0049F9FB /* Base */,
			);
			name = LaunchScreen.storyboard;
			sourceTree = "<group>";
		};
/* End PBXVariantGroup section */

/* Begin XCBuildConfiguration section */
		275424B7231B5C5C0049F9FB /* Debug */ = {
			isa = XCBuildConfiguration;
			buildSettings = {
				ALWAYS_SEARCH_USER_PATHS = NO;
				CLANG_ANALYZER_NONNULL = YES;
				CLANG_ANALYZER_NUMBER_OBJECT_CONVERSION = YES_AGGRESSIVE;
				CLANG_CXX_LANGUAGE_STANDARD = "gnu++14";
				CLANG_CXX_LIBRARY = "libc++";
				CLANG_ENABLE_MODULES = YES;
				CLANG_ENABLE_OBJC_ARC = YES;
				CLANG_ENABLE_OBJC_WEAK = YES;
				CLANG_WARN_BLOCK_CAPTURE_AUTORELEASING = YES;
				CLANG_WARN_BOOL_CONVERSION = YES;
				CLANG_WARN_COMMA = YES;
				CLANG_WARN_CONSTANT_CONVERSION = YES;
				CLANG_WARN_DEPRECATED_OBJC_IMPLEMENTATIONS = YES;
				CLANG_WARN_DIRECT_OBJC_ISA_USAGE = YES_ERROR;
				CLANG_WARN_DOCUMENTATION_COMMENTS = YES;
				CLANG_WARN_EMPTY_BODY = YES;
				CLANG_WARN_ENUM_CONVERSION = YES;
				CLANG_WARN_INFINITE_RECURSION = YES;
				CLANG_WARN_INT_CONVERSION = YES;
				CLANG_WARN_NON_LITERAL_NULL_CONVERSION = YES;
				CLANG_WARN_OBJC_IMPLICIT_RETAIN_SELF = YES;
				CLANG_WARN_OBJC_LITERAL_CONVERSION = YES;
				CLANG_WARN_OBJC_ROOT_CLASS = YES_ERROR;
				CLANG_WARN_RANGE_LOOP_ANALYSIS = YES;
				CLANG_WARN_STRICT_PROTOTYPES = YES;
				CLANG_WARN_SUSPICIOUS_MOVE = YES;
				CLANG_WARN_UNGUARDED_AVAILABILITY = YES_AGGRESSIVE;
				CLANG_WARN_UNREACHABLE_CODE = YES;
				CLANG_WARN__DUPLICATE_METHOD_MATCH = YES;
				COPY_PHASE_STRIP = NO;
				DEBUG_INFORMATION_FORMAT = dwarf;
				ENABLE_STRICT_OBJC_MSGSEND = YES;
				ENABLE_TESTABILITY = YES;
				GCC_C_LANGUAGE_STANDARD = gnu11;
				GCC_DYNAMIC_NO_PIC = NO;
				GCC_NO_COMMON_BLOCKS = YES;
				GCC_OPTIMIZATION_LEVEL = 0;
				GCC_PREPROCESSOR_DEFINITIONS = (
					"DEBUG=1",
					"$(inherited)",
				);
				GCC_WARN_64_TO_32_BIT_CONVERSION = YES;
				GCC_WARN_ABOUT_RETURN_TYPE = YES_ERROR;
				GCC_WARN_UNDECLARED_SELECTOR = YES;
				GCC_WARN_UNINITIALIZED_AUTOS = YES_AGGRESSIVE;
				GCC_WARN_UNUSED_FUNCTION = YES;
				GCC_WARN_UNUSED_VARIABLE = YES;
				IPHONEOS_DEPLOYMENT_TARGET = 13.0;
				MTL_ENABLE_DEBUG_INFO = INCLUDE_SOURCE;
				MTL_FAST_MATH = YES;
				ONLY_ACTIVE_ARCH = YES;
				SDKROOT = iphoneos;
				SWIFT_ACTIVE_COMPILATION_CONDITIONS = DEBUG;
				SWIFT_OPTIMIZATION_LEVEL = "-Onone";
			};
			name = Debug;
		};
		275424B8231B5C5C0049F9FB /* Release */ = {
			isa = XCBuildConfiguration;
			buildSettings = {
				ALWAYS_SEARCH_USER_PATHS = NO;
				CLANG_ANALYZER_NONNULL = YES;
				CLANG_ANALYZER_NUMBER_OBJECT_CONVERSION = YES_AGGRESSIVE;
				CLANG_CXX_LANGUAGE_STANDARD = "gnu++14";
				CLANG_CXX_LIBRARY = "libc++";
				CLANG_ENABLE_MODULES = YES;
				CLANG_ENABLE_OBJC_ARC = YES;
				CLANG_ENABLE_OBJC_WEAK = YES;
				CLANG_WARN_BLOCK_CAPTURE_AUTORELEASING = YES;
				CLANG_WARN_BOOL_CONVERSION = YES;
				CLANG_WARN_COMMA = YES;
				CLANG_WARN_CONSTANT_CONVERSION = YES;
				CLANG_WARN_DEPRECATED_OBJC_IMPLEMENTATIONS = YES;
				CLANG_WARN_DIRECT_OBJC_ISA_USAGE = YES_ERROR;
				CLANG_WARN_DOCUMENTATION_COMMENTS = YES;
				CLANG_WARN_EMPTY_BODY = YES;
				CLANG_WARN_ENUM_CONVERSION = YES;
				CLANG_WARN_INFINITE_RECURSION = YES;
				CLANG_WARN_INT_CONVERSION = YES;
				CLANG_WARN_NON_LITERAL_NULL_CONVERSION = YES;
				CLANG_WARN_OBJC_IMPLICIT_RETAIN_SELF = YES;
				CLANG_WARN_OBJC_LITERAL_CONVERSION = YES;
				CLANG_WARN_OBJC_ROOT_CLASS = YES_ERROR;
				CLANG_WARN_RANGE_LOOP_ANALYSIS = YES;
				CLANG_WARN_STRICT_PROTOTYPES = YES;
				CLANG_WARN_SUSPICIOUS_MOVE = YES;
				CLANG_WARN_UNGUARDED_AVAILABILITY = YES_AGGRESSIVE;
				CLANG_WARN_UNREACHABLE_CODE = YES;
				CLANG_WARN__DUPLICATE_METHOD_MATCH = YES;
				COPY_PHASE_STRIP = NO;
				DEBUG_INFORMATION_FORMAT = "dwarf-with-dsym";
				ENABLE_NS_ASSERTIONS = NO;
				ENABLE_STRICT_OBJC_MSGSEND = YES;
				GCC_C_LANGUAGE_STANDARD = gnu11;
				GCC_NO_COMMON_BLOCKS = YES;
				GCC_WARN_64_TO_32_BIT_CONVERSION = YES;
				GCC_WARN_ABOUT_RETURN_TYPE = YES_ERROR;
				GCC_WARN_UNDECLARED_SELECTOR = YES;
				GCC_WARN_UNINITIALIZED_AUTOS = YES_AGGRESSIVE;
				GCC_WARN_UNUSED_FUNCTION = YES;
				GCC_WARN_UNUSED_VARIABLE = YES;
				IPHONEOS_DEPLOYMENT_TARGET = 13.0;
				MTL_ENABLE_DEBUG_INFO = NO;
				MTL_FAST_MATH = YES;
				SDKROOT = iphoneos;
				SWIFT_COMPILATION_MODE = wholemodule;
				SWIFT_OPTIMIZATION_LEVEL = "-O";
				VALIDATE_PRODUCT = YES;
			};
			name = Release;
		};
		275424BA231B5C5C0049F9FB /* Debug */ = {
			isa = XCBuildConfiguration;
			buildSettings = {
				ASSETCATALOG_COMPILER_APPICON_NAME = AppIcon;
				CODE_SIGN_STYLE = Automatic;
				DEVELOPMENT_TEAM = GTB92MAF72;
				INFOPLIST_FILE = CollectionView/Info.plist;
				LD_RUNPATH_SEARCH_PATHS = (
					"$(inherited)",
					"@executable_path/Frameworks",
				);
				PRODUCT_BUNDLE_IDENTIFIER = br.com.dauster.CollectionView;
				PRODUCT_NAME = "$(TARGET_NAME)";
				SWIFT_VERSION = 5.0;
				TARGETED_DEVICE_FAMILY = "1,2";
			};
			name = Debug;
		};
		275424BB231B5C5C0049F9FB /* Release */ = {
			isa = XCBuildConfiguration;
			buildSettings = {
				ASSETCATALOG_COMPILER_APPICON_NAME = AppIcon;
				CODE_SIGN_STYLE = Automatic;
				DEVELOPMENT_TEAM = GTB92MAF72;
				INFOPLIST_FILE = CollectionView/Info.plist;
				LD_RUNPATH_SEARCH_PATHS = (
					"$(inherited)",
					"@executable_path/Frameworks",
				);
				PRODUCT_BUNDLE_IDENTIFIER = br.com.dauster.CollectionView;
				PRODUCT_NAME = "$(TARGET_NAME)";
				SWIFT_VERSION = 5.0;
				TARGETED_DEVICE_FAMILY = "1,2";
			};
			name = Release;
		};
/* End XCBuildConfiguration section */

/* Begin XCConfigurationList section */
		275424A0231B5C5A0049F9FB /* Build configuration list for PBXProject "CollectionView" */ = {
			isa = XCConfigurationList;
			buildConfigurations = (
				275424B7231B5C5C0049F9FB /* Debug */,
				275424B8231B5C5C0049F9FB /* Release */,
			);
			defaultConfigurationIsVisible = 0;
			defaultConfigurationName = Release;
		};
		275424B9231B5C5C0049F9FB /* Build configuration list for PBXNativeTarget "CollectionView" */ = {
			isa = XCConfigurationList;
			buildConfigurations = (
				275424BA231B5C5C0049F9FB /* Debug */,
				275424BB231B5C5C0049F9FB /* Release */,
			);
			defaultConfigurationIsVisible = 0;
			defaultConfigurationName = Release;
		};
/* End XCConfigurationList section */
	};
	rootObject = 2754249D231B5C5A0049F9FB /* Project object */;
}
